
Microsoft Visual Studio Solution File, Format Version 12.00
# Visual Studio Version 17
VisualStudioVersion = 17.9.34728.123
MinimumVisualStudioVersion = 10.0.40219.1
Project("{FAE04EC0-301F-11D3-BF4B-00C04F79EFBC}") = "leave-management", "leave-management.csproj", "{7C5F0CA1-7719-4D44-A616-5EB1DBF49F45}"
EndProject
Global
	GlobalSection(SolutionConfigurationPlatforms) = preSolution
		Debug|Any CPU = Debug|Any CPU
		Release|Any CPU = Release|Any CPU
	EndGlobalSection
	GlobalSection(ProjectConfigurationPlatforms) = postSolution
		{7C5F0CA1-7719-4D44-A616-5EB1DBF49F45}.Debug|Any CPU.ActiveCfg = Debug|Any CPU
		{7C5F0CA1-7719-4D44-A616-5EB1DBF49F45}.Debug|Any CPU.Build.0 = Debug|Any CPU
		{7C5F0CA1-7719-4D44-A616-5EB1DBF49F45}.Release|Any CPU.ActiveCfg = Release|Any CPU
		{7C5F0CA1-7719-4D44-A616-5EB1DBF49F45}.Release|Any CPU.Build.0 = Release|Any CPU
	EndGlobalSection
	GlobalSection(SolutionProperties) = preSolution
		HideSolutionNode = FALSE
	EndGlobalSection
	GlobalSection(ExtensibilityGlobals) = postSolution
		SolutionGuid = {79A76235-545F-4FF8-AEE0-28334CB3D2EE}
	EndGlobalSection
EndGlobal
