
Microsoft Visual Studio Solution File, Format Version 12.00
# Visual Studio Version 16
VisualStudioVersion = 16.0.30225.117
MinimumVisualStudioVersion = 10.0.40219.1
Project("{FAE04EC0-301F-11D3-BF4B-00C04F79EFBC}") = "leave-management", "leave-management\leave-management.csproj", "{F2F56989-3E7C-4F9D-83C5-691C829CB241}"
EndProject
Global
	GlobalSection(SolutionConfigurationPlatforms) = preSolution
		Debug|Any CPU = Debug|Any CPU
		Release|Any CPU = Release|Any CPU
	EndGlobalSection
	GlobalSection(ProjectConfigurationPlatforms) = postSolution
		{F2F56989-3E7C-4F9D-83C5-691C829CB241}.Debug|Any CPU.ActiveCfg = Debug|Any CPU
		{F2F56989-3E7C-4F9D-83C5-691C829CB241}.Debug|Any CPU.Build.0 = Debug|Any CPU
		{F2F56989-3E7C-4F9D-83C5-691C829CB241}.Release|Any CPU.ActiveCfg = Release|Any CPU
		{F2F56989-3E7C-4F9D-83C5-691C829CB241}.Release|Any CPU.Build.0 = Release|Any CPU
	EndGlobalSection
	GlobalSection(SolutionProperties) = preSolution
		HideSolutionNode = FALSE
	EndGlobalSection
	GlobalSection(ExtensibilityGlobals) = postSolution
		SolutionGuid = {6C887D2C-570C-4ABE-BF83-C3315C9F5AB3}
	EndGlobalSection
EndGlobal
